
Microsoft Visual Studio Solution File, Format Version 12.00
# Visual Studio 15
VisualStudioVersion = 15.0.26730.10
MinimumVisualStudioVersion = 10.0.40219.1
Project("{FAE04EC0-301F-11D3-BF4B-00C04F79EFBC}") = "Crm", "Crm\Crm.csproj", "{E5C4AEAA-B4CD-402C-872A-9A106A3E4362}"
EndProject
Project("{FAE04EC0-301F-11D3-BF4B-00C04F79EFBC}") = "Pricing", "Pricing\Pricing.csproj", "{9DA8DEB1-C1DD-46A0-8467-B90EDA76FDCB}"
EndProject
Project("{FAE04EC0-301F-11D3-BF4B-00C04F79EFBC}") = "Sales", "Sales\Sales.csproj", "{DA3A2818-882A-4144-8C5B-E0E11655216C}"
EndProject
Project("{FAE04EC0-301F-11D3-BF4B-00C04F79EFBC}") = "Crm.Events", "Crm.Events\Crm.Events.csproj", "{F7B968C0-CCD6-4F53-819E-D67854AD3421}"
EndProject
Project("{FAE04EC0-301F-11D3-BF4B-00C04F79EFBC}") = "Pricing.Events", "Pricing.Events\Pricing.Events.csproj", "{0A30AAA9-99B0-4A09-AAE2-BE82F287ED5F}"
EndProject
Project("{FAE04EC0-301F-11D3-BF4B-00C04F79EFBC}") = "Sales.Events", "Sales.Events\Sales.Events.csproj", "{06DE7FE1-D04A-4754-94C4-2EF622C1D3BF}"
EndProject
Project("{FAE04EC0-301F-11D3-BF4B-00C04F79EFBC}") = "Sales.Commands", "Sales.Commands\Sales.Commands.csproj", "{92DE3698-E987-431B-BF5C-E9F43E426275}"
EndProject
Global
	GlobalSection(SolutionConfigurationPlatforms) = preSolution
		Debug|Any CPU = Debug|Any CPU
		Release|Any CPU = Release|Any CPU
	EndGlobalSection
	GlobalSection(ProjectConfigurationPlatforms) = postSolution
		{E5C4AEAA-B4CD-402C-872A-9A106A3E4362}.Debug|Any CPU.ActiveCfg = Debug|Any CPU
		{E5C4AEAA-B4CD-402C-872A-9A106A3E4362}.Debug|Any CPU.Build.0 = Debug|Any CPU
		{E5C4AEAA-B4CD-402C-872A-9A106A3E4362}.Release|Any CPU.ActiveCfg = Release|Any CPU
		{E5C4AEAA-B4CD-402C-872A-9A106A3E4362}.Release|Any CPU.Build.0 = Release|Any CPU
		{9DA8DEB1-C1DD-46A0-8467-B90EDA76FDCB}.Debug|Any CPU.ActiveCfg = Debug|Any CPU
		{9DA8DEB1-C1DD-46A0-8467-B90EDA76FDCB}.Debug|Any CPU.Build.0 = Debug|Any CPU
		{9DA8DEB1-C1DD-46A0-8467-B90EDA76FDCB}.Release|Any CPU.ActiveCfg = Release|Any CPU
		{9DA8DEB1-C1DD-46A0-8467-B90EDA76FDCB}.Release|Any CPU.Build.0 = Release|Any CPU
		{DA3A2818-882A-4144-8C5B-E0E11655216C}.Debug|Any CPU.ActiveCfg = Debug|Any CPU
		{DA3A2818-882A-4144-8C5B-E0E11655216C}.Debug|Any CPU.Build.0 = Debug|Any CPU
		{DA3A2818-882A-4144-8C5B-E0E11655216C}.Release|Any CPU.ActiveCfg = Release|Any CPU
		{DA3A2818-882A-4144-8C5B-E0E11655216C}.Release|Any CPU.Build.0 = Release|Any CPU
		{F7B968C0-CCD6-4F53-819E-D67854AD3421}.Debug|Any CPU.ActiveCfg = Debug|Any CPU
		{F7B968C0-CCD6-4F53-819E-D67854AD3421}.Debug|Any CPU.Build.0 = Debug|Any CPU
		{F7B968C0-CCD6-4F53-819E-D67854AD3421}.Release|Any CPU.ActiveCfg = Release|Any CPU
		{F7B968C0-CCD6-4F53-819E-D67854AD3421}.Release|Any CPU.Build.0 = Release|Any CPU
		{0A30AAA9-99B0-4A09-AAE2-BE82F287ED5F}.Debug|Any CPU.ActiveCfg = Debug|Any CPU
		{0A30AAA9-99B0-4A09-AAE2-BE82F287ED5F}.Debug|Any CPU.Build.0 = Debug|Any CPU
		{0A30AAA9-99B0-4A09-AAE2-BE82F287ED5F}.Release|Any CPU.ActiveCfg = Release|Any CPU
		{0A30AAA9-99B0-4A09-AAE2-BE82F287ED5F}.Release|Any CPU.Build.0 = Release|Any CPU
		{06DE7FE1-D04A-4754-94C4-2EF622C1D3BF}.Debug|Any CPU.ActiveCfg = Debug|Any CPU
		{06DE7FE1-D04A-4754-94C4-2EF622C1D3BF}.Debug|Any CPU.Build.0 = Debug|Any CPU
		{06DE7FE1-D04A-4754-94C4-2EF622C1D3BF}.Release|Any CPU.ActiveCfg = Release|Any CPU
		{06DE7FE1-D04A-4754-94C4-2EF622C1D3BF}.Release|Any CPU.Build.0 = Release|Any CPU
		{92DE3698-E987-431B-BF5C-E9F43E426275}.Debug|Any CPU.ActiveCfg = Debug|Any CPU
		{92DE3698-E987-431B-BF5C-E9F43E426275}.Debug|Any CPU.Build.0 = Debug|Any CPU
		{92DE3698-E987-431B-BF5C-E9F43E426275}.Release|Any CPU.ActiveCfg = Release|Any CPU
		{92DE3698-E987-431B-BF5C-E9F43E426275}.Release|Any CPU.Build.0 = Release|Any CPU
	EndGlobalSection
	GlobalSection(SolutionProperties) = preSolution
		HideSolutionNode = FALSE
	EndGlobalSection
	GlobalSection(ExtensibilityGlobals) = postSolution
		SolutionGuid = {2F65E72F-9B84-4FA4-A61A-480474BAB5FC}
	EndGlobalSection
EndGlobal
